# This file was autogenerated by Stack.
# You should not edit this file by hand.
# For more information, please see the documentation at:
#   https://docs.haskellstack.org/en/stable/lock_files

packages:
- completed:
    hackage: prometheus-2.1.2@sha256:dbd20f6003bd0b4602433b67ced7696322ec486143efc12b1d452dd312152224,3990
    pantry-tree:
      size: 1559
      sha256: 1365a10d00c6c0e14a0c13de2fd281409dbc10416dd7fa74f22bfe4bf7bbfc60
  original:
    hackage: prometheus-2.1.2@sha256:dbd20f6003bd0b4602433b67ced7696322ec486143efc12b1d452dd312152224
snapshots:
- completed:
    size: 499889
    url: https://raw.githubusercontent.com/commercialhaskell/stackage-snapshots/master/lts/13/26.yaml
    sha256: ecb02ee16829df8d7219e7d7fe6c310819820bf335b0b9534bce84d3ea896684
  original: lts-13.26
